
Microsoft Visual Studio Solution File, Format Version 12.00
# Visual Studio Version 17
VisualStudioVersion = 17.12.35527.113
MinimumVisualStudioVersion = 10.0.40219.1
Project("{FAE04EC0-301F-11D3-BF4B-00C04F79EFBC}") = "Manage.Data.Public", "Manage.Data.Public\Manage.Data.Public.csproj", "{254E1F3A-C1BA-474C-B176-C5EEBDA6F1CF}"
EndProject
Project("{FAE04EC0-301F-11D3-BF4B-00C04F79EFBC}") = "Manage.Data.Management", "Manage.Data.Management\Manage.Data.Management.csproj", "{92410F7C-A4F8-455D-9163-2238DA798492}"
EndProject
Project("{FAE04EC0-301F-11D3-BF4B-00C04F79EFBC}") = "Manage.Identity", "Manage.Identity\Manage.Identity.csproj", "{86BEA692-AE91-4786-8632-EC1BD50A3BC2}"
EndProject
Global
	GlobalSection(SolutionConfigurationPlatforms) = preSolution
		Debug|Any CPU = Debug|Any CPU
		Release|Any CPU = Release|Any CPU
	EndGlobalSection
	GlobalSection(ProjectConfigurationPlatforms) = postSolution
		{254E1F3A-C1BA-474C-B176-C5EEBDA6F1CF}.Debug|Any CPU.ActiveCfg = Debug|Any CPU
		{254E1F3A-C1BA-474C-B176-C5EEBDA6F1CF}.Debug|Any CPU.Build.0 = Debug|Any CPU
		{254E1F3A-C1BA-474C-B176-C5EEBDA6F1CF}.Release|Any CPU.ActiveCfg = Release|Any CPU
		{254E1F3A-C1BA-474C-B176-C5EEBDA6F1CF}.Release|Any CPU.Build.0 = Release|Any CPU
		{92410F7C-A4F8-455D-9163-2238DA798492}.Debug|Any CPU.ActiveCfg = Debug|Any CPU
		{92410F7C-A4F8-455D-9163-2238DA798492}.Debug|Any CPU.Build.0 = Debug|Any CPU
		{92410F7C-A4F8-455D-9163-2238DA798492}.Release|Any CPU.ActiveCfg = Release|Any CPU
		{92410F7C-A4F8-455D-9163-2238DA798492}.Release|Any CPU.Build.0 = Release|Any CPU
		{86BEA692-AE91-4786-8632-EC1BD50A3BC2}.Debug|Any CPU.ActiveCfg = Debug|Any CPU
		{86BEA692-AE91-4786-8632-EC1BD50A3BC2}.Debug|Any CPU.Build.0 = Debug|Any CPU
		{86BEA692-AE91-4786-8632-EC1BD50A3BC2}.Release|Any CPU.ActiveCfg = Release|Any CPU
		{86BEA692-AE91-4786-8632-EC1BD50A3BC2}.Release|Any CPU.Build.0 = Release|Any CPU
	EndGlobalSection
	GlobalSection(SolutionProperties) = preSolution
		HideSolutionNode = FALSE
	EndGlobalSection
EndGlobal
